Microsoft Visual Studio Solution File, Format Version 12.00
# Visual Studio Version 17
VisualStudioVersion = 17.5.2.0
MinimumVisualStudioVersion = 10.0.40219.1
Project("{FAE04EC0-301F-11D3-BF4B-00C04F79EFBC}") = "EfDbExistente", "EfDbExistente.csproj", "{9B7B3622-1A0E-F0B2-96D0-7092946DB863}"
EndProject
Global
	GlobalSection(SolutionConfigurationPlatforms) = preSolution
		Debug|Any CPU = Debug|Any CPU
		Release|Any CPU = Release|Any CPU
	EndGlobalSection
	GlobalSection(ProjectConfigurationPlatforms) = postSolution
		{9B7B3622-1A0E-F0B2-96D0-7092946DB863}.Debug|Any CPU.ActiveCfg = Debug|Any CPU
		{9B7B3622-1A0E-F0B2-96D0-7092946DB863}.Debug|Any CPU.Build.0 = Debug|Any CPU
		{9B7B3622-1A0E-F0B2-96D0-7092946DB863}.Release|Any CPU.ActiveCfg = Release|Any CPU
		{9B7B3622-1A0E-F0B2-96D0-7092946DB863}.Release|Any CPU.Build.0 = Release|Any CPU
	EndGlobalSection
	GlobalSection(SolutionProperties) = preSolution
		HideSolutionNode = FALSE
	EndGlobalSection
	GlobalSection(ExtensibilityGlobals) = postSolution
		SolutionGuid = {B3A7B4E0-9C2D-4A31-AEF8-A92AD63680D9}
	EndGlobalSection
EndGlobal
